
Microsoft Visual Studio Solution File, Format Version 12.00
# Visual Studio Version 16
VisualStudioVersion = 16.0.31129.286
MinimumVisualStudioVersion = 10.0.40219.1
Project("{FAE04EC0-301F-11D3-BF4B-00C04F79EFBC}") = "ClassMethotDemo2", "ClassMethotDemo2\ClassMethotDemo2.csproj", "{F18DCBEC-8DF8-4785-B6BB-F6B76824DA21}"
EndProject
Global
	GlobalSection(SolutionConfigurationPlatforms) = preSolution
		Debug|Any CPU = Debug|Any CPU
		Release|Any CPU = Release|Any CPU
	EndGlobalSection
	GlobalSection(ProjectConfigurationPlatforms) = postSolution
		{F18DCBEC-8DF8-4785-B6BB-F6B76824DA21}.Debug|Any CPU.ActiveCfg = Debug|Any CPU
		{F18DCBEC-8DF8-4785-B6BB-F6B76824DA21}.Debug|Any CPU.Build.0 = Debug|Any CPU
		{F18DCBEC-8DF8-4785-B6BB-F6B76824DA21}.Release|Any CPU.ActiveCfg = Release|Any CPU
		{F18DCBEC-8DF8-4785-B6BB-F6B76824DA21}.Release|Any CPU.Build.0 = Release|Any CPU
	EndGlobalSection
	GlobalSection(SolutionProperties) = preSolution
		HideSolutionNode = FALSE
	EndGlobalSection
	GlobalSection(ExtensibilityGlobals) = postSolution
		SolutionGuid = {0820F4DD-A7C7-4CA6-964F-24D02A42A385}
	EndGlobalSection
EndGlobal
